PODS:
  - AppCenter (5.12.0):
    - AppCenter/Analytics (= 5.12.0)
    - AppCenter/Crashes (= 5.12.0)
  - AppCenter/Analytics (5.12.0):
    - AppCenter/Core
  - AppCenter/Core (5.12.0)
  - AppCenter/Crashes (5.12.0):
    - AppCenter/Core
  - LookinShared (1.2.8)
  - ReactiveObjC (3.1.0)
  - Sparkle (1.27.3)

DEPENDENCIES:
  - AppCenter
  - LookinShared (from `../LookinServer/`)
  - ReactiveObjC (= 3.1.0)
  - Sparkle (~> 1.0)

SPEC REPOS:
  https://mirrors.tuna.tsinghua.edu.cn/git/CocoaPods/Specs.git:
    - AppCenter
    - ReactiveObjC
    - Sparkle

EXTERNAL SOURCES:
  LookinShared:
    :path: "../LookinServer/"

SPEC CHECKSUMS:
  AppCenter: 38e27eb52113bff74426db9f500726933c8d2fd7
  LookinShared: e5ca2b2b0758a1caafffc29cc12764ff92fb419b
  ReactiveObjC: 2a38ea15335de4119d8b17caf1db1484f61db902
  Sparkle: 9c92b492e4eedc1abe98ca77cb3ecc6f1223b01e

PODFILE CHECKSUM: f37eb4ef42fd511ed16804923df0ac3db4d991f2

COCOAPODS: 1.16.2
